
Microsoft Visual Studio Solution File, Format Version 12.00
Project("{FAE04EC0-301F-11D3-BF4B-00C04F79EFBC}") = "NetworkLibraries", "NetworkLibraries\NetworkLibraries.csproj", "{B8212E2D-111E-4C28-92B1-775E9D5952E9}"
EndProject
Project("{FAE04EC0-301F-11D3-BF4B-00C04F79EFBC}") = "Client", "Client\Client.csproj", "{32C18D82-3B52-451E-94DB-1F8E9F62DFA8}"
EndProject
Project("{FAE04EC0-301F-11D3-BF4B-00C04F79EFBC}") = "Server", "Server\Server.csproj", "{BB07EF33-7FDC-4D95-B4F1-C84374DD076B}"
EndProject
Global
	GlobalSection(SolutionConfigurationPlatforms) = preSolution
		Debug|Any CPU = Debug|Any CPU
		Release|Any CPU = Release|Any CPU
	EndGlobalSection
	GlobalSection(ProjectConfigurationPlatforms) = postSolution
		{B8212E2D-111E-4C28-92B1-775E9D5952E9}.Debug|Any CPU.ActiveCfg = Debug|Any CPU
		{B8212E2D-111E-4C28-92B1-775E9D5952E9}.Debug|Any CPU.Build.0 = Debug|Any CPU
		{B8212E2D-111E-4C28-92B1-775E9D5952E9}.Release|Any CPU.ActiveCfg = Release|Any CPU
		{B8212E2D-111E-4C28-92B1-775E9D5952E9}.Release|Any CPU.Build.0 = Release|Any CPU
		{32C18D82-3B52-451E-94DB-1F8E9F62DFA8}.Debug|Any CPU.ActiveCfg = Debug|Any CPU
		{32C18D82-3B52-451E-94DB-1F8E9F62DFA8}.Debug|Any CPU.Build.0 = Debug|Any CPU
		{32C18D82-3B52-451E-94DB-1F8E9F62DFA8}.Release|Any CPU.ActiveCfg = Release|Any CPU
		{32C18D82-3B52-451E-94DB-1F8E9F62DFA8}.Release|Any CPU.Build.0 = Release|Any CPU
		{BB07EF33-7FDC-4D95-B4F1-C84374DD076B}.Debug|Any CPU.ActiveCfg = Debug|Any CPU
		{BB07EF33-7FDC-4D95-B4F1-C84374DD076B}.Debug|Any CPU.Build.0 = Debug|Any CPU
		{BB07EF33-7FDC-4D95-B4F1-C84374DD076B}.Release|Any CPU.ActiveCfg = Release|Any CPU
		{BB07EF33-7FDC-4D95-B4F1-C84374DD076B}.Release|Any CPU.Build.0 = Release|Any CPU
	EndGlobalSection
EndGlobal
